
Microsoft Visual Studio Solution File, Format Version 12.00
# Visual Studio Version 17
VisualStudioVersion = 17.5.33530.505
MinimumVisualStudioVersion = 10.0.40219.1
Project("{9A19103F-16F7-4668-BE54-9A1E7A4F7556}") = "TestDB", "TestDB\TestDB.csproj", "{9FEE8AB9-55C2-413F-A780-64CE932C8387}"
EndProject
Project("{FAE04EC0-301F-11D3-BF4B-00C04F79EFBC}") = "BL", "BL\BL.csproj", "{AC3026A4-AD80-4877-8547-86E82791C91E}"
EndProject
Project("{FAE04EC0-301F-11D3-BF4B-00C04F79EFBC}") = "UI", "UI\UI.csproj", "{271C8F71-D884-4BE0-B45C-0E820F5DE3D5}"
EndProject
Global
	GlobalSection(SolutionConfigurationPlatforms) = preSolution
		Debug|Any CPU = Debug|Any CPU
		Release|Any CPU = Release|Any CPU
	EndGlobalSection
	GlobalSection(ProjectConfigurationPlatforms) = postSolution
		{9FEE8AB9-55C2-413F-A780-64CE932C8387}.Debug|Any CPU.ActiveCfg = Debug|Any CPU
		{9FEE8AB9-55C2-413F-A780-64CE932C8387}.Debug|Any CPU.Build.0 = Debug|Any CPU
		{9FEE8AB9-55C2-413F-A780-64CE932C8387}.Release|Any CPU.ActiveCfg = Release|Any CPU
		{9FEE8AB9-55C2-413F-A780-64CE932C8387}.Release|Any CPU.Build.0 = Release|Any CPU
		{AC3026A4-AD80-4877-8547-86E82791C91E}.Debug|Any CPU.ActiveCfg = Debug|Any CPU
		{AC3026A4-AD80-4877-8547-86E82791C91E}.Debug|Any CPU.Build.0 = Debug|Any CPU
		{AC3026A4-AD80-4877-8547-86E82791C91E}.Release|Any CPU.ActiveCfg = Release|Any CPU
		{AC3026A4-AD80-4877-8547-86E82791C91E}.Release|Any CPU.Build.0 = Release|Any CPU
		{271C8F71-D884-4BE0-B45C-0E820F5DE3D5}.Debug|Any CPU.ActiveCfg = Debug|Any CPU
		{271C8F71-D884-4BE0-B45C-0E820F5DE3D5}.Debug|Any CPU.Build.0 = Debug|Any CPU
		{271C8F71-D884-4BE0-B45C-0E820F5DE3D5}.Release|Any CPU.ActiveCfg = Release|Any CPU
		{271C8F71-D884-4BE0-B45C-0E820F5DE3D5}.Release|Any CPU.Build.0 = Release|Any CPU
	EndGlobalSection
	GlobalSection(SolutionProperties) = preSolution
		HideSolutionNode = FALSE
	EndGlobalSection
	GlobalSection(ExtensibilityGlobals) = postSolution
		SolutionGuid = {AF15C7AE-19E5-475C-AFF3-0E411097A037}
	EndGlobalSection
EndGlobal
